
Microsoft Visual Studio Solution File, Format Version 12.00
# Visual Studio Version 17
VisualStudioVersion = 17.11.35327.3
MinimumVisualStudioVersion = 10.0.40219.1
Project("{FAE04EC0-301F-11D3-BF4B-00C04F79EFBC}") = "Zadanie 5", "Zadanie 5\Zadanie 5.csproj", "{9993CF8E-C1FD-47C6-AB67-39A455FF6593}"
EndProject
Project("{FAE04EC0-301F-11D3-BF4B-00C04F79EFBC}") = "Zadanie 6", "Zadanie 6\Zadanie 6.csproj", "{7555543A-A943-4938-8E9A-D35368EC38EA}"
EndProject
Global
	GlobalSection(SolutionConfigurationPlatforms) = preSolution
		Debug|Any CPU = Debug|Any CPU
		Release|Any CPU = Release|Any CPU
	EndGlobalSection
	GlobalSection(ProjectConfigurationPlatforms) = postSolution
		{9993CF8E-C1FD-47C6-AB67-39A455FF6593}.Debug|Any CPU.ActiveCfg = Debug|Any CPU
		{9993CF8E-C1FD-47C6-AB67-39A455FF6593}.Debug|Any CPU.Build.0 = Debug|Any CPU
		{9993CF8E-C1FD-47C6-AB67-39A455FF6593}.Release|Any CPU.ActiveCfg = Release|Any CPU
		{9993CF8E-C1FD-47C6-AB67-39A455FF6593}.Release|Any CPU.Build.0 = Release|Any CPU
		{7555543A-A943-4938-8E9A-D35368EC38EA}.Debug|Any CPU.ActiveCfg = Debug|Any CPU
		{7555543A-A943-4938-8E9A-D35368EC38EA}.Debug|Any CPU.Build.0 = Debug|Any CPU
		{7555543A-A943-4938-8E9A-D35368EC38EA}.Release|Any CPU.ActiveCfg = Release|Any CPU
		{7555543A-A943-4938-8E9A-D35368EC38EA}.Release|Any CPU.Build.0 = Release|Any CPU
	EndGlobalSection
	GlobalSection(SolutionProperties) = preSolution
		HideSolutionNode = FALSE
	EndGlobalSection
	GlobalSection(ExtensibilityGlobals) = postSolution
		SolutionGuid = {6D524F2F-0064-4AAE-97C6-B98C3281B7F7}
	EndGlobalSection
EndGlobal
