
Microsoft Visual Studio Solution File, Format Version 12.00
# Visual Studio Version 17
VisualStudioVersion = 17.11.35327.3
MinimumVisualStudioVersion = 10.0.40219.1
Project("{FAE04EC0-301F-11D3-BF4B-00C04F79EFBC}") = "Zadanko 1", "Zadanko 1\Zadanko 1.csproj", "{B4FAF932-A6F9-4B55-B449-5E81F21A4DE4}"
EndProject
Project("{FAE04EC0-301F-11D3-BF4B-00C04F79EFBC}") = "Zadanko 2", "Zadanko 2\Zadanko 2.csproj", "{974F30D3-5B63-4B98-8F8F-37E56540DECC}"
EndProject
Project("{FAE04EC0-301F-11D3-BF4B-00C04F79EFBC}") = "Zadanko 3", "Zadanko 3\Zadanko 3.csproj", "{EC9D409E-087A-416C-BCCB-024DC62B805E}"
EndProject
Global
	GlobalSection(SolutionConfigurationPlatforms) = preSolution
		Debug|Any CPU = Debug|Any CPU
		Release|Any CPU = Release|Any CPU
	EndGlobalSection
	GlobalSection(ProjectConfigurationPlatforms) = postSolution
		{B4FAF932-A6F9-4B55-B449-5E81F21A4DE4}.Debug|Any CPU.ActiveCfg = Debug|Any CPU
		{B4FAF932-A6F9-4B55-B449-5E81F21A4DE4}.Debug|Any CPU.Build.0 = Debug|Any CPU
		{B4FAF932-A6F9-4B55-B449-5E81F21A4DE4}.Release|Any CPU.ActiveCfg = Release|Any CPU
		{B4FAF932-A6F9-4B55-B449-5E81F21A4DE4}.Release|Any CPU.Build.0 = Release|Any CPU
		{974F30D3-5B63-4B98-8F8F-37E56540DECC}.Debug|Any CPU.ActiveCfg = Debug|Any CPU
		{974F30D3-5B63-4B98-8F8F-37E56540DECC}.Debug|Any CPU.Build.0 = Debug|Any CPU
		{974F30D3-5B63-4B98-8F8F-37E56540DECC}.Release|Any CPU.ActiveCfg = Release|Any CPU
		{974F30D3-5B63-4B98-8F8F-37E56540DECC}.Release|Any CPU.Build.0 = Release|Any CPU
		{EC9D409E-087A-416C-BCCB-024DC62B805E}.Debug|Any CPU.ActiveCfg = Debug|Any CPU
		{EC9D409E-087A-416C-BCCB-024DC62B805E}.Debug|Any CPU.Build.0 = Debug|Any CPU
		{EC9D409E-087A-416C-BCCB-024DC62B805E}.Release|Any CPU.ActiveCfg = Release|Any CPU
		{EC9D409E-087A-416C-BCCB-024DC62B805E}.Release|Any CPU.Build.0 = Release|Any CPU
	EndGlobalSection
	GlobalSection(SolutionProperties) = preSolution
		HideSolutionNode = FALSE
	EndGlobalSection
	GlobalSection(ExtensibilityGlobals) = postSolution
		SolutionGuid = {6D524F2F-0064-4AAE-97C6-B98C3281B7F7}
	EndGlobalSection
EndGlobal
